
Microsoft Visual Studio Solution File, Format Version 12.00
# Visual Studio Version 17
VisualStudioVersion = 17.4.33205.214
MinimumVisualStudioVersion = 10.0.40219.1
Project("{9A19103F-16F7-4668-BE54-9A1E7A4F7556}") = "Task_1", "Task_1\Task_1.csproj", "{76BA3974-0822-4746-B6D5-C5A8958AD6DF}"
EndProject
Project("{9A19103F-16F7-4668-BE54-9A1E7A4F7556}") = "HomeWork_1", "HomeWork_1\HomeWork_1.csproj", "{24FEAD0E-49DE-407D-A55B-73D1E80C6191}"
EndProject
Project("{9A19103F-16F7-4668-BE54-9A1E7A4F7556}") = "Task_2", "Task_2\Task_2.csproj", "{82B94954-4CA5-4B6E-9ECD-CF9A557FA322}"
EndProject
Project("{9A19103F-16F7-4668-BE54-9A1E7A4F7556}") = "HomeWork_2", "HomeWork_2\HomeWork_2.csproj", "{784C088B-0BB8-48B7-A577-7ABA1DC75077}"
EndProject
Project("{FAE04EC0-301F-11D3-BF4B-00C04F79EFBC}") = "Quiz_3", "Quiz_3\Quiz_3.csproj", "{52C9A391-ED38-4772-B8EC-154E875CA95D}"
EndProject
Project("{FAE04EC0-301F-11D3-BF4B-00C04F79EFBC}") = "HomeWork_3", "HomeWork_3\HomeWork_3.csproj", "{B03C6698-E801-48F4-8A5F-0ACE7C24755D}"
EndProject
Global
	GlobalSection(SolutionConfigurationPlatforms) = preSolution
		Debug|Any CPU = Debug|Any CPU
		Release|Any CPU = Release|Any CPU
	EndGlobalSection
	GlobalSection(ProjectConfigurationPlatforms) = postSolution
		{76BA3974-0822-4746-B6D5-C5A8958AD6DF}.Debug|Any CPU.ActiveCfg = Debug|Any CPU
		{76BA3974-0822-4746-B6D5-C5A8958AD6DF}.Debug|Any CPU.Build.0 = Debug|Any CPU
		{76BA3974-0822-4746-B6D5-C5A8958AD6DF}.Release|Any CPU.ActiveCfg = Release|Any CPU
		{76BA3974-0822-4746-B6D5-C5A8958AD6DF}.Release|Any CPU.Build.0 = Release|Any CPU
		{24FEAD0E-49DE-407D-A55B-73D1E80C6191}.Debug|Any CPU.ActiveCfg = Debug|Any CPU
		{24FEAD0E-49DE-407D-A55B-73D1E80C6191}.Debug|Any CPU.Build.0 = Debug|Any CPU
		{24FEAD0E-49DE-407D-A55B-73D1E80C6191}.Release|Any CPU.ActiveCfg = Release|Any CPU
		{24FEAD0E-49DE-407D-A55B-73D1E80C6191}.Release|Any CPU.Build.0 = Release|Any CPU
		{82B94954-4CA5-4B6E-9ECD-CF9A557FA322}.Debug|Any CPU.ActiveCfg = Debug|Any CPU
		{82B94954-4CA5-4B6E-9ECD-CF9A557FA322}.Debug|Any CPU.Build.0 = Debug|Any CPU
		{82B94954-4CA5-4B6E-9ECD-CF9A557FA322}.Release|Any CPU.ActiveCfg = Release|Any CPU
		{82B94954-4CA5-4B6E-9ECD-CF9A557FA322}.Release|Any CPU.Build.0 = Release|Any CPU
		{784C088B-0BB8-48B7-A577-7ABA1DC75077}.Debug|Any CPU.ActiveCfg = Debug|Any CPU
		{784C088B-0BB8-48B7-A577-7ABA1DC75077}.Debug|Any CPU.Build.0 = Debug|Any CPU
		{784C088B-0BB8-48B7-A577-7ABA1DC75077}.Release|Any CPU.ActiveCfg = Release|Any CPU
		{784C088B-0BB8-48B7-A577-7ABA1DC75077}.Release|Any CPU.Build.0 = Release|Any CPU
		{52C9A391-ED38-4772-B8EC-154E875CA95D}.Debug|Any CPU.ActiveCfg = Debug|Any CPU
		{52C9A391-ED38-4772-B8EC-154E875CA95D}.Debug|Any CPU.Build.0 = Debug|Any CPU
		{52C9A391-ED38-4772-B8EC-154E875CA95D}.Release|Any CPU.ActiveCfg = Release|Any CPU
		{52C9A391-ED38-4772-B8EC-154E875CA95D}.Release|Any CPU.Build.0 = Release|Any CPU
		{B03C6698-E801-48F4-8A5F-0ACE7C24755D}.Debug|Any CPU.ActiveCfg = Debug|Any CPU
		{B03C6698-E801-48F4-8A5F-0ACE7C24755D}.Debug|Any CPU.Build.0 = Debug|Any CPU
		{B03C6698-E801-48F4-8A5F-0ACE7C24755D}.Release|Any CPU.ActiveCfg = Release|Any CPU
		{B03C6698-E801-48F4-8A5F-0ACE7C24755D}.Release|Any CPU.Build.0 = Release|Any CPU
	EndGlobalSection
	GlobalSection(SolutionProperties) = preSolution
		HideSolutionNode = FALSE
	EndGlobalSection
	GlobalSection(ExtensibilityGlobals) = postSolution
		SolutionGuid = {D3DFDEDC-B645-4B90-9EEA-3FADF8C8C53F}
	EndGlobalSection
EndGlobal
