
Microsoft Visual Studio Solution File, Format Version 12.00
# Visual Studio Version 17
VisualStudioVersion = 17.4.33205.214
MinimumVisualStudioVersion = 10.0.40219.1
Project("{9A19103F-16F7-4668-BE54-9A1E7A4F7556}") = "Task_1", "Task_1\Task_1.csproj", "{76BA3974-0822-4746-B6D5-C5A8958AD6DF}"
EndProject
Project("{9A19103F-16F7-4668-BE54-9A1E7A4F7556}") = "HomeWork_1", "HomeWork_1\HomeWork_1.csproj", "{24FEAD0E-49DE-407D-A55B-73D1E80C6191}"
EndProject
Project("{9A19103F-16F7-4668-BE54-9A1E7A4F7556}") = "Task_2", "Task_2\Task_2.csproj", "{82B94954-4CA5-4B6E-9ECD-CF9A557FA322}"
EndProject
Project("{9A19103F-16F7-4668-BE54-9A1E7A4F7556}") = "HomeWork_2", "HomeWork_2\HomeWork_2.csproj", "{784C088B-0BB8-48B7-A577-7ABA1DC75077}"
EndProject
Project("{9A19103F-16F7-4668-BE54-9A1E7A4F7556}") = "Quiz_3", "Quiz_3\Quiz_3.csproj", "{52C9A391-ED38-4772-B8EC-154E875CA95D}"
EndProject
Project("{9A19103F-16F7-4668-BE54-9A1E7A4F7556}") = "Task_3", "HomeWork_3\Task_3.csproj", "{B03C6698-E801-48F4-8A5F-0ACE7C24755D}"
EndProject
Project("{9A19103F-16F7-4668-BE54-9A1E7A4F7556}") = "Task_4", "Task_3\Task_4.csproj", "{C13820F2-6DDD-4CEC-AF19-FF7BA70988F5}"
EndProject
Project("{9A19103F-16F7-4668-BE54-9A1E7A4F7556}") = "HomeWork__3", "HomeWork__3\HomeWork__3.csproj", "{9000E39D-CFB0-48F7-9D65-2DF051C38871}"
EndProject
Project("{9A19103F-16F7-4668-BE54-9A1E7A4F7556}") = "HomeWork_4", "HomeWork_4\HomeWork_4.csproj", "{BB138DD1-E297-43EF-BDA8-919B0ECF77F5}"
EndProject
Project("{9A19103F-16F7-4668-BE54-9A1E7A4F7556}") = "Task_5", "Task_5\Task_5.csproj", "{6D21A918-4ABF-4E72-8C57-AB2430DF1576}"
EndProject
Project("{9A19103F-16F7-4668-BE54-9A1E7A4F7556}") = "HomeWork_5", "HomeWork_5\HomeWork_5.csproj", "{33A4C5F8-2BCF-4005-BEC2-685F5FCBE206}"
EndProject
Project("{9A19103F-16F7-4668-BE54-9A1E7A4F7556}") = "Tests", "Tests\Tests.csproj", "{3594C985-F8F7-4CC7-A42B-16554F45872A}"
EndProject
Project("{FAE04EC0-301F-11D3-BF4B-00C04F79EFBC}") = "HomeWork_6", "HomeWork_6\HomeWork_6.csproj", "{DD9B5FE5-B9F1-4776-87BE-59525A024DFB}"
EndProject
Global
	GlobalSection(SolutionConfigurationPlatforms) = preSolution
		Debug|Any CPU = Debug|Any CPU
		Release|Any CPU = Release|Any CPU
	EndGlobalSection
	GlobalSection(ProjectConfigurationPlatforms) = postSolution
		{76BA3974-0822-4746-B6D5-C5A8958AD6DF}.Debug|Any CPU.ActiveCfg = Debug|Any CPU
		{76BA3974-0822-4746-B6D5-C5A8958AD6DF}.Debug|Any CPU.Build.0 = Debug|Any CPU
		{76BA3974-0822-4746-B6D5-C5A8958AD6DF}.Release|Any CPU.ActiveCfg = Release|Any CPU
		{76BA3974-0822-4746-B6D5-C5A8958AD6DF}.Release|Any CPU.Build.0 = Release|Any CPU
		{24FEAD0E-49DE-407D-A55B-73D1E80C6191}.Debug|Any CPU.ActiveCfg = Debug|Any CPU
		{24FEAD0E-49DE-407D-A55B-73D1E80C6191}.Debug|Any CPU.Build.0 = Debug|Any CPU
		{24FEAD0E-49DE-407D-A55B-73D1E80C6191}.Release|Any CPU.ActiveCfg = Release|Any CPU
		{24FEAD0E-49DE-407D-A55B-73D1E80C6191}.Release|Any CPU.Build.0 = Release|Any CPU
		{82B94954-4CA5-4B6E-9ECD-CF9A557FA322}.Debug|Any CPU.ActiveCfg = Debug|Any CPU
		{82B94954-4CA5-4B6E-9ECD-CF9A557FA322}.Debug|Any CPU.Build.0 = Debug|Any CPU
		{82B94954-4CA5-4B6E-9ECD-CF9A557FA322}.Release|Any CPU.ActiveCfg = Release|Any CPU
		{82B94954-4CA5-4B6E-9ECD-CF9A557FA322}.Release|Any CPU.Build.0 = Release|Any CPU
		{784C088B-0BB8-48B7-A577-7ABA1DC75077}.Debug|Any CPU.ActiveCfg = Debug|Any CPU
		{784C088B-0BB8-48B7-A577-7ABA1DC75077}.Debug|Any CPU.Build.0 = Debug|Any CPU
		{784C088B-0BB8-48B7-A577-7ABA1DC75077}.Release|Any CPU.ActiveCfg = Release|Any CPU
		{784C088B-0BB8-48B7-A577-7ABA1DC75077}.Release|Any CPU.Build.0 = Release|Any CPU
		{52C9A391-ED38-4772-B8EC-154E875CA95D}.Debug|Any CPU.ActiveCfg = Debug|Any CPU
		{52C9A391-ED38-4772-B8EC-154E875CA95D}.Debug|Any CPU.Build.0 = Debug|Any CPU
		{52C9A391-ED38-4772-B8EC-154E875CA95D}.Release|Any CPU.ActiveCfg = Release|Any CPU
		{52C9A391-ED38-4772-B8EC-154E875CA95D}.Release|Any CPU.Build.0 = Release|Any CPU
		{B03C6698-E801-48F4-8A5F-0ACE7C24755D}.Debug|Any CPU.ActiveCfg = Debug|Any CPU
		{B03C6698-E801-48F4-8A5F-0ACE7C24755D}.Debug|Any CPU.Build.0 = Debug|Any CPU
		{B03C6698-E801-48F4-8A5F-0ACE7C24755D}.Release|Any CPU.ActiveCfg = Release|Any CPU
		{B03C6698-E801-48F4-8A5F-0ACE7C24755D}.Release|Any CPU.Build.0 = Release|Any CPU
		{C13820F2-6DDD-4CEC-AF19-FF7BA70988F5}.Debug|Any CPU.ActiveCfg = Debug|Any CPU
		{C13820F2-6DDD-4CEC-AF19-FF7BA70988F5}.Debug|Any CPU.Build.0 = Debug|Any CPU
		{C13820F2-6DDD-4CEC-AF19-FF7BA70988F5}.Release|Any CPU.ActiveCfg = Release|Any CPU
		{C13820F2-6DDD-4CEC-AF19-FF7BA70988F5}.Release|Any CPU.Build.0 = Release|Any CPU
		{9000E39D-CFB0-48F7-9D65-2DF051C38871}.Debug|Any CPU.ActiveCfg = Debug|Any CPU
		{9000E39D-CFB0-48F7-9D65-2DF051C38871}.Debug|Any CPU.Build.0 = Debug|Any CPU
		{9000E39D-CFB0-48F7-9D65-2DF051C38871}.Release|Any CPU.ActiveCfg = Release|Any CPU
		{9000E39D-CFB0-48F7-9D65-2DF051C38871}.Release|Any CPU.Build.0 = Release|Any CPU
		{BB138DD1-E297-43EF-BDA8-919B0ECF77F5}.Debug|Any CPU.ActiveCfg = Debug|Any CPU
		{BB138DD1-E297-43EF-BDA8-919B0ECF77F5}.Debug|Any CPU.Build.0 = Debug|Any CPU
		{BB138DD1-E297-43EF-BDA8-919B0ECF77F5}.Release|Any CPU.ActiveCfg = Release|Any CPU
		{BB138DD1-E297-43EF-BDA8-919B0ECF77F5}.Release|Any CPU.Build.0 = Release|Any CPU
		{6D21A918-4ABF-4E72-8C57-AB2430DF1576}.Debug|Any CPU.ActiveCfg = Debug|Any CPU
		{6D21A918-4ABF-4E72-8C57-AB2430DF1576}.Debug|Any CPU.Build.0 = Debug|Any CPU
		{6D21A918-4ABF-4E72-8C57-AB2430DF1576}.Release|Any CPU.ActiveCfg = Release|Any CPU
		{6D21A918-4ABF-4E72-8C57-AB2430DF1576}.Release|Any CPU.Build.0 = Release|Any CPU
		{33A4C5F8-2BCF-4005-BEC2-685F5FCBE206}.Debug|Any CPU.ActiveCfg = Debug|Any CPU
		{33A4C5F8-2BCF-4005-BEC2-685F5FCBE206}.Debug|Any CPU.Build.0 = Debug|Any CPU
		{33A4C5F8-2BCF-4005-BEC2-685F5FCBE206}.Release|Any CPU.ActiveCfg = Release|Any CPU
		{33A4C5F8-2BCF-4005-BEC2-685F5FCBE206}.Release|Any CPU.Build.0 = Release|Any CPU
		{3594C985-F8F7-4CC7-A42B-16554F45872A}.Debug|Any CPU.ActiveCfg = Debug|Any CPU
		{3594C985-F8F7-4CC7-A42B-16554F45872A}.Debug|Any CPU.Build.0 = Debug|Any CPU
		{3594C985-F8F7-4CC7-A42B-16554F45872A}.Release|Any CPU.ActiveCfg = Release|Any CPU
		{3594C985-F8F7-4CC7-A42B-16554F45872A}.Release|Any CPU.Build.0 = Release|Any CPU
		{DD9B5FE5-B9F1-4776-87BE-59525A024DFB}.Debug|Any CPU.ActiveCfg = Debug|Any CPU
		{DD9B5FE5-B9F1-4776-87BE-59525A024DFB}.Debug|Any CPU.Build.0 = Debug|Any CPU
		{DD9B5FE5-B9F1-4776-87BE-59525A024DFB}.Release|Any CPU.ActiveCfg = Release|Any CPU
		{DD9B5FE5-B9F1-4776-87BE-59525A024DFB}.Release|Any CPU.Build.0 = Release|Any CPU
	EndGlobalSection
	GlobalSection(SolutionProperties) = preSolution
		HideSolutionNode = FALSE
	EndGlobalSection
	GlobalSection(ExtensibilityGlobals) = postSolution
		SolutionGuid = {D3DFDEDC-B645-4B90-9EEA-3FADF8C8C53F}
	EndGlobalSection
EndGlobal
